
Microsoft Visual Studio Solution File, Format Version 11.00
# Visual Studio 2010
Project("{FAE04EC0-301F-11D3-BF4B-00C04F79EFBC}") = "GridRowcommand", "GridRowcommand\GridRowcommand.csproj", "{C1CDBFE7-CC01-4BDB-A8B4-09C85E2D7AC8}"
EndProject
Global
	GlobalSection(SolutionConfigurationPlatforms) = preSolution
		Debug|Any CPU = Debug|Any CPU
		Release|Any CPU = Release|Any CPU
	EndGlobalSection
	GlobalSection(ProjectConfigurationPlatforms) = postSolution
		{C1CDBFE7-CC01-4BDB-A8B4-09C85E2D7AC8}.Debug|Any CPU.ActiveCfg = Debug|Any CPU
		{C1CDBFE7-CC01-4BDB-A8B4-09C85E2D7AC8}.Debug|Any CPU.Build.0 = Debug|Any CPU
		{C1CDBFE7-CC01-4BDB-A8B4-09C85E2D7AC8}.Release|Any CPU.ActiveCfg = Release|Any CPU
		{C1CDBFE7-CC01-4BDB-A8B4-09C85E2D7AC8}.Release|Any CPU.Build.0 = Release|Any CPU
	EndGlobalSection
	GlobalSection(SolutionProperties) = preSolution
		HideSolutionNode = FALSE
	EndGlobalSection
EndGlobal
